
Microsoft Visual Studio Solution File, Format Version 12.00
# Visual Studio Version 17
VisualStudioVersion = 17.5.33530.505
MinimumVisualStudioVersion = 10.0.40219.1
Project("{FAE04EC0-301F-11D3-BF4B-00C04F79EFBC}") = "RegistrasiVaksin_Service", "RegistrasiVaksin_Service\RegistrasiVaksin_Service.csproj", "{2FBF0D97-D7E2-4FF2-90C4-D6802E892F28}"
EndProject
Global
	GlobalSection(SolutionConfigurationPlatforms) = preSolution
		Debug|Any CPU = Debug|Any CPU
		Release|Any CPU = Release|Any CPU
	EndGlobalSection
	GlobalSection(ProjectConfigurationPlatforms) = postSolution
		{2FBF0D97-D7E2-4FF2-90C4-D6802E892F28}.Debug|Any CPU.ActiveCfg = Debug|Any CPU
		{2FBF0D97-D7E2-4FF2-90C4-D6802E892F28}.Debug|Any CPU.Build.0 = Debug|Any CPU
		{2FBF0D97-D7E2-4FF2-90C4-D6802E892F28}.Release|Any CPU.ActiveCfg = Release|Any CPU
		{2FBF0D97-D7E2-4FF2-90C4-D6802E892F28}.Release|Any CPU.Build.0 = Release|Any CPU
	EndGlobalSection
	GlobalSection(SolutionProperties) = preSolution
		HideSolutionNode = FALSE
	EndGlobalSection
	GlobalSection(ExtensibilityGlobals) = postSolution
		SolutionGuid = {4F48913E-137D-4F9D-B719-205027DA0D52}
	EndGlobalSection
EndGlobal
