
Microsoft Visual Studio Solution File, Format Version 12.00
# Visual Studio Version 17
VisualStudioVersion = 17.4.33213.308
MinimumVisualStudioVersion = 10.0.40219.1
Project("{FAE04EC0-301F-11D3-BF4B-00C04F79EFBC}") = "VaksinApp", "VaksinApp\VaksinApp.csproj", "{35DAD5CA-2DF7-4685-9117-353F74A12640}"
EndProject
Global
	GlobalSection(SolutionConfigurationPlatforms) = preSolution
		Debug|Any CPU = Debug|Any CPU
		Release|Any CPU = Release|Any CPU
	EndGlobalSection
	GlobalSection(ProjectConfigurationPlatforms) = postSolution
		{35DAD5CA-2DF7-4685-9117-353F74A12640}.Debug|Any CPU.ActiveCfg = Debug|Any CPU
		{35DAD5CA-2DF7-4685-9117-353F74A12640}.Debug|Any CPU.Build.0 = Debug|Any CPU
		{35DAD5CA-2DF7-4685-9117-353F74A12640}.Release|Any CPU.ActiveCfg = Release|Any CPU
		{35DAD5CA-2DF7-4685-9117-353F74A12640}.Release|Any CPU.Build.0 = Release|Any CPU
	EndGlobalSection
	GlobalSection(SolutionProperties) = preSolution
		HideSolutionNode = FALSE
	EndGlobalSection
	GlobalSection(ExtensibilityGlobals) = postSolution
		SolutionGuid = {7AECBE13-C67A-4BAE-BD32-B15990BAC81A}
	EndGlobalSection
EndGlobal
